
Microsoft Visual Studio Solution File, Format Version 12.00
# Visual Studio 15
VisualStudioVersion = 15.0.28307.438
MinimumVisualStudioVersion = 10.0.40219.1
Project("{9A19103F-16F7-4668-BE54-9A1E7A4F7556}") = "ApiClient", "ApiClient\ApiClient.csproj", "{2D16399E-1040-418C-B8F2-C3790E6537F1}"
EndProject
Project("{FAE04EC0-301F-11D3-BF4B-00C04F79EFBC}") = "TestConsoleApp", "TestConsoleApp\TestConsoleApp.csproj", "{B1D43ACF-EB9F-4D75-A0E0-7AE29AED4F80}"
EndProject
Project("{9A19103F-16F7-4668-BE54-9A1E7A4F7556}") = "ApiClient.Tests", "ApiClient.Tests\ApiClient.Tests.csproj", "{D1F5829E-C325-4749-A679-A8F35C14A7E8}"
EndProject
Project("{9A19103F-16F7-4668-BE54-9A1E7A4F7556}") = "Json", "Json\Json.csproj", "{B102EB7E-82CD-493B-99F4-5E2A79157447}"
EndProject
Project("{9A19103F-16F7-4668-BE54-9A1E7A4F7556}") = "Json.Tests", "Json.Tests\Json.Tests.csproj", "{9FCF9DD2-C02B-4E1B-A733-2C52E02A4992}"
EndProject
Project("{2150E333-8FDC-42A3-9474-1A3956D46DE8}") = "Tests", "Tests", "{2B777A9D-CD0C-4497-BAB5-18D0CA1611AA}"
EndProject
Global
	GlobalSection(SolutionConfigurationPlatforms) = preSolution
		Debug|Any CPU = Debug|Any CPU
		Release|Any CPU = Release|Any CPU
	EndGlobalSection
	GlobalSection(ProjectConfigurationPlatforms) = postSolution
		{2D16399E-1040-418C-B8F2-C3790E6537F1}.Debug|Any CPU.ActiveCfg = Debug|Any CPU
		{2D16399E-1040-418C-B8F2-C3790E6537F1}.Debug|Any CPU.Build.0 = Debug|Any CPU
		{2D16399E-1040-418C-B8F2-C3790E6537F1}.Release|Any CPU.ActiveCfg = Release|Any CPU
		{2D16399E-1040-418C-B8F2-C3790E6537F1}.Release|Any CPU.Build.0 = Release|Any CPU
		{B1D43ACF-EB9F-4D75-A0E0-7AE29AED4F80}.Debug|Any CPU.ActiveCfg = Debug|Any CPU
		{B1D43ACF-EB9F-4D75-A0E0-7AE29AED4F80}.Debug|Any CPU.Build.0 = Debug|Any CPU
		{B1D43ACF-EB9F-4D75-A0E0-7AE29AED4F80}.Release|Any CPU.ActiveCfg = Release|Any CPU
		{B1D43ACF-EB9F-4D75-A0E0-7AE29AED4F80}.Release|Any CPU.Build.0 = Release|Any CPU
		{D1F5829E-C325-4749-A679-A8F35C14A7E8}.Debug|Any CPU.ActiveCfg = Debug|Any CPU
		{D1F5829E-C325-4749-A679-A8F35C14A7E8}.Debug|Any CPU.Build.0 = Debug|Any CPU
		{D1F5829E-C325-4749-A679-A8F35C14A7E8}.Release|Any CPU.ActiveCfg = Release|Any CPU
		{D1F5829E-C325-4749-A679-A8F35C14A7E8}.Release|Any CPU.Build.0 = Release|Any CPU
		{B102EB7E-82CD-493B-99F4-5E2A79157447}.Debug|Any CPU.ActiveCfg = Debug|Any CPU
		{B102EB7E-82CD-493B-99F4-5E2A79157447}.Debug|Any CPU.Build.0 = Debug|Any CPU
		{B102EB7E-82CD-493B-99F4-5E2A79157447}.Release|Any CPU.ActiveCfg = Release|Any CPU
		{B102EB7E-82CD-493B-99F4-5E2A79157447}.Release|Any CPU.Build.0 = Release|Any CPU
		{9FCF9DD2-C02B-4E1B-A733-2C52E02A4992}.Debug|Any CPU.ActiveCfg = Debug|Any CPU
		{9FCF9DD2-C02B-4E1B-A733-2C52E02A4992}.Debug|Any CPU.Build.0 = Debug|Any CPU
		{9FCF9DD2-C02B-4E1B-A733-2C52E02A4992}.Release|Any CPU.ActiveCfg = Release|Any CPU
		{9FCF9DD2-C02B-4E1B-A733-2C52E02A4992}.Release|Any CPU.Build.0 = Release|Any CPU
	EndGlobalSection
	GlobalSection(SolutionProperties) = preSolution
		HideSolutionNode = FALSE
	EndGlobalSection
	GlobalSection(NestedProjects) = preSolution
		{D1F5829E-C325-4749-A679-A8F35C14A7E8} = {2B777A9D-CD0C-4497-BAB5-18D0CA1611AA}
		{9FCF9DD2-C02B-4E1B-A733-2C52E02A4992} = {2B777A9D-CD0C-4497-BAB5-18D0CA1611AA}
	EndGlobalSection
	GlobalSection(ExtensibilityGlobals) = postSolution
		SolutionGuid = {388B247C-E64F-4950-8E95-130510637C66}
	EndGlobalSection
EndGlobal
